
Microsoft Visual Studio Solution File, Format Version 12.00
# Visual Studio Version 16
VisualStudioVersion = 16.0.31025.194
MinimumVisualStudioVersion = 10.0.40219.1
Project("{9A19103F-16F7-4668-BE54-9A1E7A4F7556}") = "FontStash.NET", "src\FontStash.NET\FontStash.NET.csproj", "{9541D1E3-6723-4C11-8C43-17767AAC6C64}"
EndProject
Project("{2150E333-8FDC-42A3-9474-1A3956D46DE8}") = "source", "source", "{9D319AA4-7744-4BB2-8067-07A61672F9AD}"
EndProject
Project("{2150E333-8FDC-42A3-9474-1A3956D46DE8}") = "examples", "examples", "{030176B9-BCF9-4294-8FD4-36CCDF9BC602}"
EndProject
Project("{9A19103F-16F7-4668-BE54-9A1E7A4F7556}") = "Example", "samples\Example\Example.csproj", "{689F3205-7F25-4064-B372-2543304A38EB}"
EndProject
Project("{9A19103F-16F7-4668-BE54-9A1E7A4F7556}") = "Error", "samples\Error\Error.csproj", "{37D1F4F1-C5BD-4D59-81BC-73A382C80E5A}"
EndProject
Project("{9A19103F-16F7-4668-BE54-9A1E7A4F7556}") = "FontStash.NET.GL.Legacy", "src\FontStash.NET.GL.Legacy\FontStash.NET.GL.Legacy.csproj", "{D2634D8C-262F-461C-88F1-E49F63301EB6}"
EndProject
Project("{9A19103F-16F7-4668-BE54-9A1E7A4F7556}") = "FontStash.NET.GL", "src\FontStash.NET.GL\FontStash.NET.GL.csproj", "{E85D4D9B-6554-4DA6-A5C8-E67623DBEE0C}"
EndProject
Project("{FAE04EC0-301F-11D3-BF4B-00C04F79EFBC}") = "SafeStbTrueTypeSharp", "src\SafeStbTrueTypeSharp\SafeStbTrueTypeSharp.csproj", "{28896873-D833-49AA-B559-7A51D4F172CB}"
EndProject
Global
	GlobalSection(SolutionConfigurationPlatforms) = preSolution
		Debug|Any CPU = Debug|Any CPU
		Release|Any CPU = Release|Any CPU
	EndGlobalSection
	GlobalSection(ProjectConfigurationPlatforms) = postSolution
		{9541D1E3-6723-4C11-8C43-17767AAC6C64}.Debug|Any CPU.ActiveCfg = Debug|Any CPU
		{9541D1E3-6723-4C11-8C43-17767AAC6C64}.Debug|Any CPU.Build.0 = Debug|Any CPU
		{9541D1E3-6723-4C11-8C43-17767AAC6C64}.Release|Any CPU.ActiveCfg = Release|Any CPU
		{9541D1E3-6723-4C11-8C43-17767AAC6C64}.Release|Any CPU.Build.0 = Release|Any CPU
		{689F3205-7F25-4064-B372-2543304A38EB}.Debug|Any CPU.ActiveCfg = Debug|Any CPU
		{689F3205-7F25-4064-B372-2543304A38EB}.Debug|Any CPU.Build.0 = Debug|Any CPU
		{689F3205-7F25-4064-B372-2543304A38EB}.Release|Any CPU.ActiveCfg = Release|Any CPU
		{689F3205-7F25-4064-B372-2543304A38EB}.Release|Any CPU.Build.0 = Release|Any CPU
		{37D1F4F1-C5BD-4D59-81BC-73A382C80E5A}.Debug|Any CPU.ActiveCfg = Debug|Any CPU
		{37D1F4F1-C5BD-4D59-81BC-73A382C80E5A}.Debug|Any CPU.Build.0 = Debug|Any CPU
		{37D1F4F1-C5BD-4D59-81BC-73A382C80E5A}.Release|Any CPU.ActiveCfg = Release|Any CPU
		{37D1F4F1-C5BD-4D59-81BC-73A382C80E5A}.Release|Any CPU.Build.0 = Release|Any CPU
		{D2634D8C-262F-461C-88F1-E49F63301EB6}.Debug|Any CPU.ActiveCfg = Debug|Any CPU
		{D2634D8C-262F-461C-88F1-E49F63301EB6}.Debug|Any CPU.Build.0 = Debug|Any CPU
		{D2634D8C-262F-461C-88F1-E49F63301EB6}.Release|Any CPU.ActiveCfg = Release|Any CPU
		{D2634D8C-262F-461C-88F1-E49F63301EB6}.Release|Any CPU.Build.0 = Release|Any CPU
		{E85D4D9B-6554-4DA6-A5C8-E67623DBEE0C}.Debug|Any CPU.ActiveCfg = Debug|Any CPU
		{E85D4D9B-6554-4DA6-A5C8-E67623DBEE0C}.Debug|Any CPU.Build.0 = Debug|Any CPU
		{E85D4D9B-6554-4DA6-A5C8-E67623DBEE0C}.Release|Any CPU.ActiveCfg = Release|Any CPU
		{E85D4D9B-6554-4DA6-A5C8-E67623DBEE0C}.Release|Any CPU.Build.0 = Release|Any CPU
		{28896873-D833-49AA-B559-7A51D4F172CB}.Debug|Any CPU.ActiveCfg = Debug|Any CPU
		{28896873-D833-49AA-B559-7A51D4F172CB}.Debug|Any CPU.Build.0 = Debug|Any CPU
		{28896873-D833-49AA-B559-7A51D4F172CB}.Release|Any CPU.ActiveCfg = Release|Any CPU
		{28896873-D833-49AA-B559-7A51D4F172CB}.Release|Any CPU.Build.0 = Release|Any CPU
	EndGlobalSection
	GlobalSection(SolutionProperties) = preSolution
		HideSolutionNode = FALSE
	EndGlobalSection
	GlobalSection(NestedProjects) = preSolution
		{9541D1E3-6723-4C11-8C43-17767AAC6C64} = {9D319AA4-7744-4BB2-8067-07A61672F9AD}
		{689F3205-7F25-4064-B372-2543304A38EB} = {030176B9-BCF9-4294-8FD4-36CCDF9BC602}
		{37D1F4F1-C5BD-4D59-81BC-73A382C80E5A} = {030176B9-BCF9-4294-8FD4-36CCDF9BC602}
		{D2634D8C-262F-461C-88F1-E49F63301EB6} = {9D319AA4-7744-4BB2-8067-07A61672F9AD}
		{E85D4D9B-6554-4DA6-A5C8-E67623DBEE0C} = {9D319AA4-7744-4BB2-8067-07A61672F9AD}
		{28896873-D833-49AA-B559-7A51D4F172CB} = {9D319AA4-7744-4BB2-8067-07A61672F9AD}
	EndGlobalSection
	GlobalSection(ExtensibilityGlobals) = postSolution
		SolutionGuid = {70047753-B1C9-41FC-A8FF-2C817D8E9605}
	EndGlobalSection
EndGlobal
